
Microsoft Visual Studio Solution File, Format Version 12.00
# Visual Studio 14
VisualStudioVersion = 14.0.23107.0
MinimumVisualStudioVersion = 10.0.40219.1
Project("{E24C65DC-7377-472B-9ABA-BC803B73C61A}") = "VC3Web", ".", "{5586E8B2-C523-4231-8F0E-C608B4E187CE}"
	ProjectSection(WebsiteProperties) = preProject
		TargetFrameworkMoniker = ".NETFramework,Version%3Dv4.0"
		Debug.AspNetCompiler.VirtualPath = "/localhost_51857"
		Debug.AspNetCompiler.PhysicalPath = "..\VC3Web\"
		Debug.AspNetCompiler.TargetPath = "PrecompiledWeb\localhost_51857\"
		Debug.AspNetCompiler.Updateable = "true"
		Debug.AspNetCompiler.ForceOverwrite = "true"
		Debug.AspNetCompiler.FixedNames = "false"
		Debug.AspNetCompiler.Debug = "True"
		Release.AspNetCompiler.VirtualPath = "/localhost_51857"
		Release.AspNetCompiler.PhysicalPath = "..\VC3Web\"
		Release.AspNetCompiler.TargetPath = "PrecompiledWeb\localhost_51857\"
		Release.AspNetCompiler.Updateable = "true"
		Release.AspNetCompiler.ForceOverwrite = "true"
		Release.AspNetCompiler.FixedNames = "false"
		Release.AspNetCompiler.Debug = "False"
		VWDPort = "51857"
		SlnRelativePath = "..\VC3Web\"
	EndProjectSection
EndProject
Global
	GlobalSection(SolutionConfigurationPlatforms) = preSolution
		Debug|Any CPU = Debug|Any CPU
		Publish|Any CPU = Publish|Any CPU
		Release|Any CPU = Release|Any CPU
	EndGlobalSection
	GlobalSection(ProjectConfigurationPlatforms) = postSolution
		{5586E8B2-C523-4231-8F0E-C608B4E187CE}.Debug|Any CPU.ActiveCfg = Debug|Any CPU
		{5586E8B2-C523-4231-8F0E-C608B4E187CE}.Debug|Any CPU.Build.0 = Debug|Any CPU
		{5586E8B2-C523-4231-8F0E-C608B4E187CE}.Publish|Any CPU.ActiveCfg = Debug|Any CPU
		{5586E8B2-C523-4231-8F0E-C608B4E187CE}.Publish|Any CPU.Build.0 = Debug|Any CPU
		{5586E8B2-C523-4231-8F0E-C608B4E187CE}.Release|Any CPU.ActiveCfg = Debug|Any CPU
		{5586E8B2-C523-4231-8F0E-C608B4E187CE}.Release|Any CPU.Build.0 = Debug|Any CPU
	EndGlobalSection
	GlobalSection(SolutionProperties) = preSolution
		HideSolutionNode = FALSE
	EndGlobalSection
EndGlobal
